
Microsoft Visual Studio Solution File, Format Version 12.00
# Visual Studio Version 16
VisualStudioVersion = 16.0.31624.102
MinimumVisualStudioVersion = 10.0.40219.1
Project("{FAE04EC0-301F-11D3-BF4B-00C04F79EFBC}") = "pruebatecnicapeaku.Server", "pruebatecnicapeaku\Server\pruebatecnicapeaku.Server.csproj", "{C008A53C-96ED-44C4-9965-795A4F890098}"
EndProject
Project("{FAE04EC0-301F-11D3-BF4B-00C04F79EFBC}") = "pruebatecnicapeaku.Client", "pruebatecnicapeaku\Client\pruebatecnicapeaku.Client.csproj", "{39A9E009-E793-431D-A199-0D76E23887FC}"
EndProject
Project("{FAE04EC0-301F-11D3-BF4B-00C04F79EFBC}") = "pruebatecnicapeaku.Shared", "pruebatecnicapeaku\Shared\pruebatecnicapeaku.Shared.csproj", "{C9F1F900-CBE5-4039-B584-C88A2280175D}"
EndProject
Global
	GlobalSection(SolutionConfigurationPlatforms) = preSolution
		Debug|Any CPU = Debug|Any CPU
		Release|Any CPU = Release|Any CPU
	EndGlobalSection
	GlobalSection(ProjectConfigurationPlatforms) = postSolution
		{C008A53C-96ED-44C4-9965-795A4F890098}.Debug|Any CPU.ActiveCfg = Debug|Any CPU
		{C008A53C-96ED-44C4-9965-795A4F890098}.Debug|Any CPU.Build.0 = Debug|Any CPU
		{C008A53C-96ED-44C4-9965-795A4F890098}.Release|Any CPU.ActiveCfg = Release|Any CPU
		{C008A53C-96ED-44C4-9965-795A4F890098}.Release|Any CPU.Build.0 = Release|Any CPU
		{39A9E009-E793-431D-A199-0D76E23887FC}.Debug|Any CPU.ActiveCfg = Debug|Any CPU
		{39A9E009-E793-431D-A199-0D76E23887FC}.Debug|Any CPU.Build.0 = Debug|Any CPU
		{39A9E009-E793-431D-A199-0D76E23887FC}.Release|Any CPU.ActiveCfg = Release|Any CPU
		{39A9E009-E793-431D-A199-0D76E23887FC}.Release|Any CPU.Build.0 = Release|Any CPU
		{C9F1F900-CBE5-4039-B584-C88A2280175D}.Debug|Any CPU.ActiveCfg = Debug|Any CPU
		{C9F1F900-CBE5-4039-B584-C88A2280175D}.Debug|Any CPU.Build.0 = Debug|Any CPU
		{C9F1F900-CBE5-4039-B584-C88A2280175D}.Release|Any CPU.ActiveCfg = Release|Any CPU
		{C9F1F900-CBE5-4039-B584-C88A2280175D}.Release|Any CPU.Build.0 = Release|Any CPU
	EndGlobalSection
	GlobalSection(SolutionProperties) = preSolution
		HideSolutionNode = FALSE
	EndGlobalSection
	GlobalSection(ExtensibilityGlobals) = postSolution
		SolutionGuid = {87E58FF9-60C2-4CC6-872F-4F7B161B84F9}
	EndGlobalSection
EndGlobal
